
Microsoft Visual Studio Solution File, Format Version 12.00
# Visual Studio 2015
Project("{FAE04EC0-301F-11D3-BF4B-00C04F79EFBC}") = "Missile Command", "Missile Command.csproj", "{3FFF6AD1-8D30-3C29-BCFD-F8BD5FDF189F}"
EndProject
Global
	GlobalSection(SolutionConfigurationPlatforms) = preSolution
		Debug|Any CPU = Debug|Any CPU
		Release|Any CPU = Release|Any CPU
	EndGlobalSection
	GlobalSection(ProjectConfigurationPlatforms) = postSolution
		{3FFF6AD1-8D30-3C29-BCFD-F8BD5FDF189F}.Debug|Any CPU.ActiveCfg = Debug|Any CPU
		{3FFF6AD1-8D30-3C29-BCFD-F8BD5FDF189F}.Debug|Any CPU.Build.0 = Debug|Any CPU
		{3FFF6AD1-8D30-3C29-BCFD-F8BD5FDF189F}.Release|Any CPU.ActiveCfg = Release|Any CPU
		{3FFF6AD1-8D30-3C29-BCFD-F8BD5FDF189F}.Release|Any CPU.Build.0 = Release|Any CPU
	EndGlobalSection
	GlobalSection(SolutionProperties) = preSolution
		HideSolutionNode = FALSE
	EndGlobalSection
EndGlobal
